# This file is generated by running "yarn install" inside your project.
# Manual changes might be lost - proceed with caution!

__metadata:
  version: 6
  cacheKey: 8

"@puppeteer/browsers@npm:2.10.4":
  version: 2.10.4
  resolution: "@puppeteer/browsers@npm:2.10.4"
  dependencies:
    debug: ^4.4.0
    extract-zip: ^2.0.1
    progress: ^2.0.3
    proxy-agent: ^6.5.0
    semver: ^7.7.1
    tar-fs: ^3.0.8
    yargs: ^17.7.2
  bin:
    browsers: lib/cjs/main-cli.js
  checksum: 8e2a33de486c178da35da63ff317daa7f0e91ccdb316960a174d71f32d611e3f3b2ee5febf7c0388740e279efa1fa5c36be8d7934c04ad46f1e898925ec7999d
  languageName: node
  linkType: hard

"@tootallnate/quickjs-emscripten@npm:^0.23.0":
  version: 0.23.0
  resolution: "@tootallnate/quickjs-emscripten@npm:0.23.0"
  checksum: c350a2947ffb80b22e14ff35099fd582d1340d65723384a0fd0515e905e2534459ad2f301a43279a37308a27c99273c932e64649abd57d0bb3ca8c557150eccc
  languageName: node
  linkType: hard

"@types/body-parser@npm:*":
  version: 1.19.5
  resolution: "@types/body-parser@npm:1.19.5"
  dependencies:
    "@types/connect": "*"
    "@types/node": "*"
  checksum: 1e251118c4b2f61029cc43b0dc028495f2d1957fe8ee49a707fb940f86a9bd2f9754230805598278fe99958b49e9b7e66eec8ef6a50ab5c1f6b93e1ba2aaba82
  languageName: node
  linkType: hard

"@types/connect@npm:*":
  version: 3.4.38
  resolution: "@types/connect@npm:3.4.38"
  dependencies:
    "@types/node": "*"
  checksum: 7eb1bc5342a9604facd57598a6c62621e244822442976c443efb84ff745246b10d06e8b309b6e80130026a396f19bf6793b7cecd7380169f369dac3bfc46fb99
  languageName: node
  linkType: hard

"@types/express-serve-static-core@npm:^5.0.0":
  version: 5.0.6
  resolution: "@types/express-serve-static-core@npm:5.0.6"
  dependencies:
    "@types/node": "*"
    "@types/qs": "*"
    "@types/range-parser": "*"
    "@types/send": "*"
  checksum: bc3ea44923da7d1ffaa29eff7cc41a2b05f7340e8879fe9ee40717859937d73bcd635fcc0f8232f66af942624cc48bff42971e9e2c4075db6afe478534245855
  languageName: node
  linkType: hard

"@types/express@npm:^5.0.1":
  version: 5.0.1
  resolution: "@types/express@npm:5.0.1"
  dependencies:
    "@types/body-parser": "*"
    "@types/express-serve-static-core": ^5.0.0
    "@types/serve-static": "*"
  checksum: 189dd078679c5f748644c9dccf6b9666755d2fd37741ae5b7494129531b14d0366746a79191e1064060c2547daf7d342a02c48923730f20c8980c9ca7dfce1d2
  languageName: node
  linkType: hard

"@types/http-errors@npm:*":
  version: 2.0.4
  resolution: "@types/http-errors@npm:2.0.4"
  checksum: 1f3d7c3b32c7524811a45690881736b3ef741bf9849ae03d32ad1ab7062608454b150a4e7f1351f83d26a418b2d65af9bdc06198f1c079d75578282884c4e8e3
  languageName: node
  linkType: hard

"@types/mime@npm:^1":
  version: 1.3.5
  resolution: "@types/mime@npm:1.3.5"
  checksum: e29a5f9c4776f5229d84e525b7cd7dd960b51c30a0fb9a028c0821790b82fca9f672dab56561e2acd9e8eed51d431bde52eafdfef30f643586c4162f1aecfc78
  languageName: node
  linkType: hard

"@types/node@npm:*":
  version: 22.15.17
  resolution: "@types/node@npm:22.15.17"
  dependencies:
    undici-types: ~6.21.0
  checksum: f83748c14c8ae3b7d1672af4009b892a5ae652c05c4b61c39e842711e232a0db37991611364aea9522fdf48290a8cc27403138bc479ef24ff0c9222319e7858b
  languageName: node
  linkType: hard

"@types/qs@npm:*":
  version: 6.9.18
  resolution: "@types/qs@npm:6.9.18"
  checksum: 152fab96efd819cc82ae67c39f089df415da6deddb48f1680edaaaa4e86a2a597de7b2ff0ad391df66d11a07006a08d52c9405e86b8cb8f3d5ba15881fe56cc7
  languageName: node
  linkType: hard

"@types/range-parser@npm:*":
  version: 1.2.7
  resolution: "@types/range-parser@npm:1.2.7"
  checksum: 95640233b689dfbd85b8c6ee268812a732cf36d5affead89e806fe30da9a430767af8ef2cd661024fd97e19d61f3dec75af2df5e80ec3bea000019ab7028629a
  languageName: node
  linkType: hard

"@types/send@npm:*":
  version: 0.17.4
  resolution: "@types/send@npm:0.17.4"
  dependencies:
    "@types/mime": ^1
    "@types/node": "*"
  checksum: cf4db48251bbb03cd6452b4de6e8e09e2d75390a92fd798eca4a803df06444adc94ed050246c94c7ed46fb97be1f63607f0e1f13c3ce83d71788b3e08640e5e0
  languageName: node
  linkType: hard

"@types/serve-static@npm:*":
  version: 1.15.7
  resolution: "@types/serve-static@npm:1.15.7"
  dependencies:
    "@types/http-errors": "*"
    "@types/node": "*"
    "@types/send": "*"
  checksum: bbbf00dbd84719da2250a462270dc68964006e8d62f41fe3741abd94504ba3688f420a49afb2b7478921a1544d3793183ffa097c5724167da777f4e0c7f1a7d6
  languageName: node
  linkType: hard

"@types/yauzl@npm:^2.9.1":
  version: 2.10.3
  resolution: "@types/yauzl@npm:2.10.3"
  dependencies:
    "@types/node": "*"
  checksum: 5ee966ea7bd6b2802f31ad4281c92c4c0b6dfa593c378a2582c58541fa113bec3d70eb0696b34ad95e8e6861a884cba6c3e351285816693ed176222f840a8c08
  languageName: node
  linkType: hard

"accepts@npm:^2.0.0":
  version: 2.0.0
  resolution: "accepts@npm:2.0.0"
  dependencies:
    mime-types: ^3.0.0
    negotiator: ^1.0.0
  checksum: 49fe6c050cb6f6ff4e771b4d88324fca4d3127865f2473872e818dca127d809ba3aa8fdfc7acb51dd3c5bade7311ca6b8cfff7015ea6db2f7eb9c8444d223a4f
  languageName: node
  linkType: hard

"agent-base@npm:^7.1.0, agent-base@npm:^7.1.2":
  version: 7.1.3
  resolution: "agent-base@npm:7.1.3"
  checksum: 87bb7ee54f5ecf0ccbfcba0b07473885c43ecd76cb29a8db17d6137a19d9f9cd443a2a7c5fd8a3f24d58ad8145f9eb49116344a66b107e1aeab82cf2383f4753
  languageName: node
  linkType: hard

"ansi-regex@npm:^5.0.1":
  version: 5.0.1
  resolution: "ansi-regex@npm:5.0.1"
  checksum: 2aa4bb54caf2d622f1afdad09441695af2a83aa3fe8b8afa581d205e57ed4261c183c4d3877cee25794443fde5876417d859c108078ab788d6af7e4fe52eb66b
  languageName: node
  linkType: hard

"ansi-styles@npm:^4.0.0":
  version: 4.3.0
  resolution: "ansi-styles@npm:4.3.0"
  dependencies:
    color-convert: ^2.0.1
  checksum: 513b44c3b2105dd14cc42a19271e80f386466c4be574bccf60b627432f9198571ebf4ab1e4c3ba17347658f4ee1711c163d574248c0c1cdc2d5917a0ad582ec4
  languageName: node
  linkType: hard

"ast-types@npm:^0.13.4":
  version: 0.13.4
  resolution: "ast-types@npm:0.13.4"
  dependencies:
    tslib: ^2.0.1
  checksum: 5a51f7b70588ecced3601845a0e203279ca2f5fdc184416a0a1640c93ec0a267241d6090a328e78eebb8de81f8754754e0a4f1558ba2a3d638f8ccbd0b1f0eff
  languageName: node
  linkType: hard

"b4a@npm:^1.6.4":
  version: 1.6.7
  resolution: "b4a@npm:1.6.7"
  checksum: afe4e239b49c0ef62236fe0d788ac9bd9d7eac7e9855b0d1835593cd0efcc7be394f9cc28a747a2ed2cdcb0a48c3528a551a196f472eb625457c711169c9efa2
  languageName: node
  linkType: hard

"bare-events@npm:^2.2.0, bare-events@npm:^2.5.4":
  version: 2.5.4
  resolution: "bare-events@npm:2.5.4"
  checksum: 522a5401caaede9d8c857c2fd346c993bf43995e958e8ebfa79d32b1e086032800e0639f3559d7ad85788fae54f6d9605685de507eec54298ea2aa2c8c9cb2c3
  languageName: node
  linkType: hard

"bare-fs@npm:^4.0.1":
  version: 4.1.4
  resolution: "bare-fs@npm:4.1.4"
  dependencies:
    bare-events: ^2.5.4
    bare-path: ^3.0.0
    bare-stream: ^2.6.4
  peerDependencies:
    bare-buffer: "*"
  peerDependenciesMeta:
    bare-buffer:
      optional: true
  checksum: b0e83d3a10d74f56a3d82e50e7582d6775c14d36dd48e0ed01fab0ac5cc14387303408b6f5dc2a731ebc61fdeef4dd2147af4efd137734a01e61dab9e8ed7868
  languageName: node
  linkType: hard

"bare-os@npm:^3.0.1":
  version: 3.6.1
  resolution: "bare-os@npm:3.6.1"
  checksum: 2fcdbaa631e02e2b7a4a38ded4586ae8bef2d329c6933b9dca8c543b4af0ac3c257fdf0ff3339b83259e179e07873f300e61c75c0a1e6b796c0214b1fbae8696
  languageName: node
  linkType: hard

"bare-path@npm:^3.0.0":
  version: 3.0.0
  resolution: "bare-path@npm:3.0.0"
  dependencies:
    bare-os: ^3.0.1
  checksum: 51d559515f332f62cf9c37c38f2640c1b84b5e8c9de454b70baf029f806058cf94c51d6a0dfec0025cc7760f2069dc3e16c82f0d24f4a9ddb18c829bf9c0206d
  languageName: node
  linkType: hard

"bare-stream@npm:^2.6.4":
  version: 2.6.5
  resolution: "bare-stream@npm:2.6.5"
  dependencies:
    streamx: ^2.21.0
  peerDependencies:
    bare-buffer: "*"
    bare-events: "*"
  peerDependenciesMeta:
    bare-buffer:
      optional: true
    bare-events:
      optional: true
  checksum: 6a3d4baf8ded0bdc465b7b0b65dfbb8e40f7520ee8899adcae5fd37949d5c520412164116659750ad841215b03ce761fe252a626cd4fe3ec9df0440c6fd07a96
  languageName: node
  linkType: hard

"basic-ftp@npm:^5.0.2":
  version: 5.0.5
  resolution: "basic-ftp@npm:5.0.5"
  checksum: bc82d1c1c61cd838eaca96d68ece888bacf07546642fb6b9b8328ed410756f5935f8cf43a42cb44bb343e0565e28e908adc54c298bd2f1a6e0976871fb11fec6
  languageName: node
  linkType: hard

"body-parser@npm:^2.2.0":
  version: 2.2.0
  resolution: "body-parser@npm:2.2.0"
  dependencies:
    bytes: ^3.1.2
    content-type: ^1.0.5
    debug: ^4.4.0
    http-errors: ^2.0.0
    iconv-lite: ^0.6.3
    on-finished: ^2.4.1
    qs: ^6.14.0
    raw-body: ^3.0.0
    type-is: ^2.0.0
  checksum: 7fe3a2d288f0b632528d6ccb90052d1a9492c5b79d5716d32c8de1f5fb8237b0d31ee5050e1d0b7ff143a492ff151804612c6e2686a222a1d4c9e2e6531b8fb2
  languageName: node
  linkType: hard

"buffer-crc32@npm:~0.2.3":
  version: 0.2.13
  resolution: "buffer-crc32@npm:0.2.13"
  checksum: 06252347ae6daca3453b94e4b2f1d3754a3b146a111d81c68924c22d91889a40623264e95e67955b1cb4a68cbedf317abeabb5140a9766ed248973096db5ce1c
  languageName: node
  linkType: hard

"bytes@npm:3.1.2, bytes@npm:^3.1.2":
  version: 3.1.2
  resolution: "bytes@npm:3.1.2"
  checksum: e4bcd3948d289c5127591fbedf10c0b639ccbf00243504e4e127374a15c3bc8eed0d28d4aaab08ff6f1cf2abc0cce6ba3085ed32f4f90e82a5683ce0014e1b6e
  languageName: node
  linkType: hard

"call-bind-apply-helpers@npm:^1.0.1, call-bind-apply-helpers@npm:^1.0.2":
  version: 1.0.2
  resolution: "call-bind-apply-helpers@npm:1.0.2"
  dependencies:
    es-errors: ^1.3.0
    function-bind: ^1.1.2
  checksum: b2863d74fcf2a6948221f65d95b91b4b2d90cfe8927650b506141e669f7d5de65cea191bf788838bc40d13846b7886c5bc5c84ab96c3adbcf88ad69a72fcdc6b
  languageName: node
  linkType: hard

"call-bound@npm:^1.0.2":
  version: 1.0.4
  resolution: "call-bound@npm:1.0.4"
  dependencies:
    call-bind-apply-helpers: ^1.0.2
    get-intrinsic: ^1.3.0
  checksum: 2f6399488d1c272f56306ca60ff696575e2b7f31daf23bc11574798c84d9f2759dceb0cb1f471a85b77f28962a7ac6411f51d283ea2e45319009a19b6ccab3b2
  languageName: node
  linkType: hard

"chromium-bidi@npm:5.1.0":
  version: 5.1.0
  resolution: "chromium-bidi@npm:5.1.0"
  dependencies:
    mitt: ^3.0.1
    zod: ^3.24.1
  peerDependencies:
    devtools-protocol: "*"
  checksum: 2f9f84305cebc5cf8a3817e2c1f220814a9d5f994ea91a3d08c758b4a77d1ed73210722953e50b935a30893903ee984c5a664818094d8e046d8891bbe2b72805
  languageName: node
  linkType: hard

"cliui@npm:^8.0.1":
  version: 8.0.1
  resolution: "cliui@npm:8.0.1"
  dependencies:
    string-width: ^4.2.0
    strip-ansi: ^6.0.1
    wrap-ansi: ^7.0.0
  checksum: 79648b3b0045f2e285b76fb2e24e207c6db44323581e421c3acbd0e86454cba1b37aea976ab50195a49e7384b871e6dfb2247ad7dec53c02454ac6497394cb56
  languageName: node
  linkType: hard

"color-convert@npm:^2.0.1":
  version: 2.0.1
  resolution: "color-convert@npm:2.0.1"
  dependencies:
    color-name: ~1.1.4
  checksum: 79e6bdb9fd479a205c71d89574fccfb22bd9053bd98c6c4d870d65c132e5e904e6034978e55b43d69fcaa7433af2016ee203ce76eeba9cfa554b373e7f7db336
  languageName: node
  linkType: hard

"color-name@npm:~1.1.4":
  version: 1.1.4
  resolution: "color-name@npm:1.1.4"
  checksum: b0445859521eb4021cd0fb0cc1a75cecf67fceecae89b63f62b201cca8d345baf8b952c966862a9d9a2632987d4f6581f0ec8d957dfacece86f0a7919316f610
  languageName: node
  linkType: hard

"content-disposition@npm:^1.0.0":
  version: 1.0.0
  resolution: "content-disposition@npm:1.0.0"
  dependencies:
    safe-buffer: 5.2.1
  checksum: b27e2579fefe0ecf78238bb652fbc750671efce8344f0c6f05235b12433e6a965adb40906df1ac1fdde23e8f9f0e58385e44640e633165420f3f47d830ae0398
  languageName: node
  linkType: hard

"content-type@npm:^1.0.5":
  version: 1.0.5
  resolution: "content-type@npm:1.0.5"
  checksum: 566271e0a251642254cde0f845f9dd4f9856e52d988f4eb0d0dcffbb7a1f8ec98de7a5215fc628f3bce30fe2fb6fd2bc064b562d721658c59b544e2d34ea2766
  languageName: node
  linkType: hard

"cookie-signature@npm:^1.2.1":
  version: 1.2.2
  resolution: "cookie-signature@npm:1.2.2"
  checksum: 1ad4f9b3907c9f3673a0f0a07c0a23da7909ac6c9204c5d80a0ec102fe50ccc45f27fdf496361840d6c132c5bb0037122c0a381f856d070183d1ebe3e5e041ff
  languageName: node
  linkType: hard

"cookie@npm:^0.7.1":
  version: 0.7.2
  resolution: "cookie@npm:0.7.2"
  checksum: 9bf8555e33530affd571ea37b615ccad9b9a34febbf2c950c86787088eb00a8973690833b0f8ebd6b69b753c62669ea60cec89178c1fb007bf0749abed74f93e
  languageName: node
  linkType: hard

"data-uri-to-buffer@npm:^6.0.2":
  version: 6.0.2
  resolution: "data-uri-to-buffer@npm:6.0.2"
  checksum: 8b6927c33f9b54037f442856be0aa20e5fd49fa6c9c8ceece408dc306445d593ad72d207d57037c529ce65f413b421da800c6827b1dbefb607b8056f17123a61
  languageName: node
  linkType: hard

"debug@npm:4, debug@npm:^4.1.1, debug@npm:^4.3.4, debug@npm:^4.3.5, debug@npm:^4.4.0":
  version: 4.4.0
  resolution: "debug@npm:4.4.0"
  dependencies:
    ms: ^2.1.3
  peerDependenciesMeta:
    supports-color:
      optional: true
  checksum: fb42df878dd0e22816fc56e1fdca9da73caa85212fbe40c868b1295a6878f9101ae684f4eeef516c13acfc700f5ea07f1136954f43d4cd2d477a811144136479
  languageName: node
  linkType: hard

"degenerator@npm:^5.0.0":
  version: 5.0.1
  resolution: "degenerator@npm:5.0.1"
  dependencies:
    ast-types: ^0.13.4
    escodegen: ^2.1.0
    esprima: ^4.0.1
  checksum: a64fa39cdf6c2edd75188157d32338ee9de7193d7dbb2aeb4acb1eb30fa4a15ed80ba8dae9bd4d7b085472cf174a5baf81adb761aaa8e326771392c922084152
  languageName: node
  linkType: hard

"depd@npm:2.0.0, depd@npm:^2.0.0":
  version: 2.0.0
  resolution: "depd@npm:2.0.0"
  checksum: abbe19c768c97ee2eed6282d8ce3031126662252c58d711f646921c9623f9052e3e1906443066beec1095832f534e57c523b7333f8e7e0d93051ab6baef5ab3a
  languageName: node
  linkType: hard

"devtools-protocol@npm:0.0.1439962":
  version: 0.0.1439962
  resolution: "devtools-protocol@npm:0.0.1439962"
  checksum: f1ef3892da29d1da9fba18c8c64da5e0a46153ead084f3cb8c7f1c2cb4b61fe69b2d6a174f89555a4b3db7d52134b60efce79c8b71248768bd5faad83c63caf2
  languageName: node
  linkType: hard

"dunder-proto@npm:^1.0.1":
  version: 1.0.1
  resolution: "dunder-proto@npm:1.0.1"
  dependencies:
    call-bind-apply-helpers: ^1.0.1
    es-errors: ^1.3.0
    gopd: ^1.2.0
  checksum: 149207e36f07bd4941921b0ca929e3a28f1da7bd6b6ff8ff7f4e2f2e460675af4576eeba359c635723dc189b64cdd4787e0255897d5b135ccc5d15cb8685fc90
  languageName: node
  linkType: hard

"ee-first@npm:1.1.1":
  version: 1.1.1
  resolution: "ee-first@npm:1.1.1"
  checksum: 1b4cac778d64ce3b582a7e26b218afe07e207a0f9bfe13cc7395a6d307849cfe361e65033c3251e00c27dd060cab43014c2d6b2647676135e18b77d2d05b3f4f
  languageName: node
  linkType: hard

"emoji-regex@npm:^8.0.0":
  version: 8.0.0
  resolution: "emoji-regex@npm:8.0.0"
  checksum: d4c5c39d5a9868b5fa152f00cada8a936868fd3367f33f71be515ecee4c803132d11b31a6222b2571b1e5f7e13890156a94880345594d0ce7e3c9895f560f192
  languageName: node
  linkType: hard

"encodeurl@npm:^2.0.0":
  version: 2.0.0
  resolution: "encodeurl@npm:2.0.0"
  checksum: abf5cd51b78082cf8af7be6785813c33b6df2068ce5191a40ca8b1afe6a86f9230af9a9ce694a5ce4665955e5c1120871826df9c128a642e09c58d592e2807fe
  languageName: node
  linkType: hard

"end-of-stream@npm:^1.1.0":
  version: 1.4.4
  resolution: "end-of-stream@npm:1.4.4"
  dependencies:
    once: ^1.4.0
  checksum: 530a5a5a1e517e962854a31693dbb5c0b2fc40b46dad2a56a2deec656ca040631124f4795823acc68238147805f8b021abbe221f4afed5ef3c8e8efc2024908b
  languageName: node
  linkType: hard

"es-define-property@npm:^1.0.1":
  version: 1.0.1
  resolution: "es-define-property@npm:1.0.1"
  checksum: 0512f4e5d564021c9e3a644437b0155af2679d10d80f21adaf868e64d30efdfbd321631956f20f42d655fedb2e3a027da479fad3fa6048f768eb453a80a5f80a
  languageName: node
  linkType: hard

"es-errors@npm:^1.3.0":
  version: 1.3.0
  resolution: "es-errors@npm:1.3.0"
  checksum: ec1414527a0ccacd7f15f4a3bc66e215f04f595ba23ca75cdae0927af099b5ec865f9f4d33e9d7e86f512f252876ac77d4281a7871531a50678132429b1271b5
  languageName: node
  linkType: hard

"es-object-atoms@npm:^1.0.0, es-object-atoms@npm:^1.1.1":
  version: 1.1.1
  resolution: "es-object-atoms@npm:1.1.1"
  dependencies:
    es-errors: ^1.3.0
  checksum: 214d3767287b12f36d3d7267ef342bbbe1e89f899cfd67040309fc65032372a8e60201410a99a1645f2f90c1912c8c49c8668066f6bdd954bcd614dda2e3da97
  languageName: node
  linkType: hard

"escalade@npm:^3.1.1":
  version: 3.2.0
  resolution: "escalade@npm:3.2.0"
  checksum: 47b029c83de01b0d17ad99ed766347b974b0d628e848de404018f3abee728e987da0d2d370ad4574aa3d5b5bfc368754fd085d69a30f8e75903486ec4b5b709e
  languageName: node
  linkType: hard

"escape-html@npm:^1.0.3":
  version: 1.0.3
  resolution: "escape-html@npm:1.0.3"
  checksum: 6213ca9ae00d0ab8bccb6d8d4e0a98e76237b2410302cf7df70aaa6591d509a2a37ce8998008cbecae8fc8ffaadf3fb0229535e6a145f3ce0b211d060decbb24
  languageName: node
  linkType: hard

"escodegen@npm:^2.1.0":
  version: 2.1.0
  resolution: "escodegen@npm:2.1.0"
  dependencies:
    esprima: ^4.0.1
    estraverse: ^5.2.0
    esutils: ^2.0.2
    source-map: ~0.6.1
  dependenciesMeta:
    source-map:
      optional: true
  bin:
    escodegen: bin/escodegen.js
    esgenerate: bin/esgenerate.js
  checksum: 096696407e161305cd05aebb95134ad176708bc5cb13d0dcc89a5fcbb959b8ed757e7f2591a5f8036f8f4952d4a724de0df14cd419e29212729fa6df5ce16bf6
  languageName: node
  linkType: hard

"esprima@npm:^4.0.1":
  version: 4.0.1
  resolution: "esprima@npm:4.0.1"
  bin:
    esparse: ./bin/esparse.js
    esvalidate: ./bin/esvalidate.js
  checksum: b45bc805a613dbea2835278c306b91aff6173c8d034223fa81498c77dcbce3b2931bf6006db816f62eacd9fd4ea975dfd85a5b7f3c6402cfd050d4ca3c13a628
  languageName: node
  linkType: hard

"estraverse@npm:^5.2.0":
  version: 5.3.0
  resolution: "estraverse@npm:5.3.0"
  checksum: 072780882dc8416ad144f8fe199628d2b3e7bbc9989d9ed43795d2c90309a2047e6bc5979d7e2322a341163d22cfad9e21f4110597fe487519697389497e4e2b
  languageName: node
  linkType: hard

"esutils@npm:^2.0.2":
  version: 2.0.3
  resolution: "esutils@npm:2.0.3"
  checksum: 22b5b08f74737379a840b8ed2036a5fb35826c709ab000683b092d9054e5c2a82c27818f12604bfc2a9a76b90b6834ef081edbc1c7ae30d1627012e067c6ec87
  languageName: node
  linkType: hard

"etag@npm:^1.8.1":
  version: 1.8.1
  resolution: "etag@npm:1.8.1"
  checksum: 571aeb3dbe0f2bbd4e4fadbdb44f325fc75335cd5f6f6b6a091e6a06a9f25ed5392f0863c5442acb0646787446e816f13cbfc6edce5b07658541dff573cab1ff
  languageName: node
  linkType: hard

"express@npm:^5.1.0":
  version: 5.1.0
  resolution: "express@npm:5.1.0"
  dependencies:
    accepts: ^2.0.0
    body-parser: ^2.2.0
    content-disposition: ^1.0.0
    content-type: ^1.0.5
    cookie: ^0.7.1
    cookie-signature: ^1.2.1
    debug: ^4.4.0
    encodeurl: ^2.0.0
    escape-html: ^1.0.3
    etag: ^1.8.1
    finalhandler: ^2.1.0
    fresh: ^2.0.0
    http-errors: ^2.0.0
    merge-descriptors: ^2.0.0
    mime-types: ^3.0.0
    on-finished: ^2.4.1
    once: ^1.4.0
    parseurl: ^1.3.3
    proxy-addr: ^2.0.7
    qs: ^6.14.0
    range-parser: ^1.2.1
    router: ^2.2.0
    send: ^1.1.0
    serve-static: ^2.2.0
    statuses: ^2.0.1
    type-is: ^2.0.1
    vary: ^1.1.2
  checksum: 06e6141780c6c4780111f971ce062c83d4cf4862c40b43caf1d95afcbb58d7422c560503b8c9d04c7271511525d09cbdbe940bcaad63970fd4c1b9f6fd713bdb
  languageName: node
  linkType: hard

"extract-zip@npm:^2.0.1":
  version: 2.0.1
  resolution: "extract-zip@npm:2.0.1"
  dependencies:
    "@types/yauzl": ^2.9.1
    debug: ^4.1.1
    get-stream: ^5.1.0
    yauzl: ^2.10.0
  dependenciesMeta:
    "@types/yauzl":
      optional: true
  bin:
    extract-zip: cli.js
  checksum: 8cbda9debdd6d6980819cc69734d874ddd71051c9fe5bde1ef307ebcedfe949ba57b004894b585f758b7c9eeeea0e3d87f2dda89b7d25320459c2c9643ebb635
  languageName: node
  linkType: hard

"fast-fifo@npm:^1.2.0, fast-fifo@npm:^1.3.2":
  version: 1.3.2
  resolution: "fast-fifo@npm:1.3.2"
  checksum: 6bfcba3e4df5af7be3332703b69a7898a8ed7020837ec4395bb341bd96cc3a6d86c3f6071dd98da289618cf2234c70d84b2a6f09a33dd6f988b1ff60d8e54275
  languageName: node
  linkType: hard

"fd-slicer@npm:~1.1.0":
  version: 1.1.0
  resolution: "fd-slicer@npm:1.1.0"
  dependencies:
    pend: ~1.2.0
  checksum: c8585fd5713f4476eb8261150900d2cb7f6ff2d87f8feb306ccc8a1122efd152f1783bdb2b8dc891395744583436bfd8081d8e63ece0ec8687eeefea394d4ff2
  languageName: node
  linkType: hard

"finalhandler@npm:^2.1.0":
  version: 2.1.0
  resolution: "finalhandler@npm:2.1.0"
  dependencies:
    debug: ^4.4.0
    encodeurl: ^2.0.0
    escape-html: ^1.0.3
    on-finished: ^2.4.1
    parseurl: ^1.3.3
    statuses: ^2.0.1
  checksum: 27ca9cc83b1384ba37959eb95bc7e62bc0bf4d6f6af63f6d38821cf7499b113e34b23f96a2a031616817f73986f94deea67c2f558de9daf406790c181a2501df
  languageName: node
  linkType: hard

"forwarded@npm:0.2.0":
  version: 0.2.0
  resolution: "forwarded@npm:0.2.0"
  checksum: fd27e2394d8887ebd16a66ffc889dc983fbbd797d5d3f01087c020283c0f019a7d05ee85669383d8e0d216b116d720fc0cef2f6e9b7eb9f4c90c6e0bc7fd28e6
  languageName: node
  linkType: hard

"fresh@npm:^2.0.0":
  version: 2.0.0
  resolution: "fresh@npm:2.0.0"
  checksum: 38b9828352c6271e2a0dd8bdd985d0100dbbc4eb8b6a03286071dd6f7d96cfaacd06d7735701ad9a95870eb3f4555e67c08db1dcfe24c2e7bb87383c72fae1d2
  languageName: node
  linkType: hard

"function-bind@npm:^1.1.2":
  version: 1.1.2
  resolution: "function-bind@npm:1.1.2"
  checksum: 2b0ff4ce708d99715ad14a6d1f894e2a83242e4a52ccfcefaee5e40050562e5f6dafc1adbb4ce2d4ab47279a45dc736ab91ea5042d843c3c092820dfe032efb1
  languageName: node
  linkType: hard

"get-caller-file@npm:^2.0.5":
  version: 2.0.5
  resolution: "get-caller-file@npm:2.0.5"
  checksum: b9769a836d2a98c3ee734a88ba712e62703f1df31b94b784762c433c27a386dd6029ff55c2a920c392e33657d80191edbf18c61487e198844844516f843496b9
  languageName: node
  linkType: hard

"get-intrinsic@npm:^1.2.5, get-intrinsic@npm:^1.3.0":
  version: 1.3.0
  resolution: "get-intrinsic@npm:1.3.0"
  dependencies:
    call-bind-apply-helpers: ^1.0.2
    es-define-property: ^1.0.1
    es-errors: ^1.3.0
    es-object-atoms: ^1.1.1
    function-bind: ^1.1.2
    get-proto: ^1.0.1
    gopd: ^1.2.0
    has-symbols: ^1.1.0
    hasown: ^2.0.2
    math-intrinsics: ^1.1.0
  checksum: 301008e4482bb9a9cb49e132b88fee093bff373b4e6def8ba219b1e96b60158a6084f273ef5cafe832e42cd93462f4accb46a618d35fe59a2b507f2388c5b79d
  languageName: node
  linkType: hard

"get-proto@npm:^1.0.1":
  version: 1.0.1
  resolution: "get-proto@npm:1.0.1"
  dependencies:
    dunder-proto: ^1.0.1
    es-object-atoms: ^1.0.0
  checksum: 4fc96afdb58ced9a67558698b91433e6b037aaa6f1493af77498d7c85b141382cf223c0e5946f334fb328ee85dfe6edd06d218eaf09556f4bc4ec6005d7f5f7b
  languageName: node
  linkType: hard

"get-stream@npm:^5.1.0":
  version: 5.2.0
  resolution: "get-stream@npm:5.2.0"
  dependencies:
    pump: ^3.0.0
  checksum: 8bc1a23174a06b2b4ce600df38d6c98d2ef6d84e020c1ddad632ad75bac4e092eeb40e4c09e0761c35fc2dbc5e7fff5dab5e763a383582c4a167dd69a905bd12
  languageName: node
  linkType: hard

"get-uri@npm:^6.0.1":
  version: 6.0.4
  resolution: "get-uri@npm:6.0.4"
  dependencies:
    basic-ftp: ^5.0.2
    data-uri-to-buffer: ^6.0.2
    debug: ^4.3.4
  checksum: 7eae81655e0c8cee250d29c189e09030f37a2d37987298325709affb9408de448bf2dc43ee9a59acd21c1f100c3ca711d0446b4e689e9590c25774ecc59f0442
  languageName: node
  linkType: hard

"gopd@npm:^1.2.0":
  version: 1.2.0
  resolution: "gopd@npm:1.2.0"
  checksum: cc6d8e655e360955bdccaca51a12a474268f95bb793fc3e1f2bdadb075f28bfd1fd988dab872daf77a61d78cbaf13744bc8727a17cfb1d150d76047d805375f3
  languageName: node
  linkType: hard

"has-symbols@npm:^1.1.0":
  version: 1.1.0
  resolution: "has-symbols@npm:1.1.0"
  checksum: b2316c7302a0e8ba3aaba215f834e96c22c86f192e7310bdf689dd0e6999510c89b00fbc5742571507cebf25764d68c988b3a0da217369a73596191ac0ce694b
  languageName: node
  linkType: hard

"hasown@npm:^2.0.2":
  version: 2.0.2
  resolution: "hasown@npm:2.0.2"
  dependencies:
    function-bind: ^1.1.2
  checksum: e8516f776a15149ca6c6ed2ae3110c417a00b62260e222590e54aa367cbcd6ed99122020b37b7fbdf05748df57b265e70095d7bf35a47660587619b15ffb93db
  languageName: node
  linkType: hard

"http-errors@npm:2.0.0, http-errors@npm:^2.0.0":
  version: 2.0.0
  resolution: "http-errors@npm:2.0.0"
  dependencies:
    depd: 2.0.0
    inherits: 2.0.4
    setprototypeof: 1.2.0
    statuses: 2.0.1
    toidentifier: 1.0.1
  checksum: 9b0a3782665c52ce9dc658a0d1560bcb0214ba5699e4ea15aefb2a496e2ca83db03ebc42e1cce4ac1f413e4e0d2d736a3fd755772c556a9a06853ba2a0b7d920
  languageName: node
  linkType: hard

"http-proxy-agent@npm:^7.0.0, http-proxy-agent@npm:^7.0.1":
  version: 7.0.2
  resolution: "http-proxy-agent@npm:7.0.2"
  dependencies:
    agent-base: ^7.1.0
    debug: ^4.3.4
  checksum: 670858c8f8f3146db5889e1fa117630910101db601fff7d5a8aa637da0abedf68c899f03d3451cac2f83bcc4c3d2dabf339b3aa00ff8080571cceb02c3ce02f3
  languageName: node
  linkType: hard

"https-proxy-agent@npm:^7.0.6":
  version: 7.0.6
  resolution: "https-proxy-agent@npm:7.0.6"
  dependencies:
    agent-base: ^7.1.2
    debug: 4
  checksum: b882377a120aa0544846172e5db021fa8afbf83fea2a897d397bd2ddd8095ab268c24bc462f40a15f2a8c600bf4aa05ce52927f70038d4014e68aefecfa94e8d
  languageName: node
  linkType: hard

"iconv-lite@npm:0.6.3, iconv-lite@npm:^0.6.3":
  version: 0.6.3
  resolution: "iconv-lite@npm:0.6.3"
  dependencies:
    safer-buffer: ">= 2.1.2 < 3.0.0"
  checksum: 3f60d47a5c8fc3313317edfd29a00a692cc87a19cac0159e2ce711d0ebc9019064108323b5e493625e25594f11c6236647d8e256fbe7a58f4a3b33b89e6d30bf
  languageName: node
  linkType: hard

"inherits@npm:2.0.4":
  version: 2.0.4
  resolution: "inherits@npm:2.0.4"
  checksum: 4a48a733847879d6cf6691860a6b1e3f0f4754176e4d71494c41f3475553768b10f84b5ce1d40fbd0e34e6bfbb864ee35858ad4dd2cf31e02fc4a154b724d7f1
  languageName: node
  linkType: hard

"ip-address@npm:^9.0.5":
  version: 9.0.5
  resolution: "ip-address@npm:9.0.5"
  dependencies:
    jsbn: 1.1.0
    sprintf-js: ^1.1.3
  checksum: aa15f12cfd0ef5e38349744e3654bae649a34c3b10c77a674a167e99925d1549486c5b14730eebce9fea26f6db9d5e42097b00aa4f9f612e68c79121c71652dc
  languageName: node
  linkType: hard

"ipaddr.js@npm:1.9.1":
  version: 1.9.1
  resolution: "ipaddr.js@npm:1.9.1"
  checksum: f88d3825981486f5a1942414c8d77dd6674dd71c065adcfa46f578d677edcb99fda25af42675cb59db492fdf427b34a5abfcde3982da11a8fd83a500b41cfe77
  languageName: node
  linkType: hard

"is-fullwidth-code-point@npm:^3.0.0":
  version: 3.0.0
  resolution: "is-fullwidth-code-point@npm:3.0.0"
  checksum: 44a30c29457c7fb8f00297bce733f0a64cd22eca270f83e58c105e0d015e45c019491a4ab2faef91ab51d4738c670daff901c799f6a700e27f7314029e99e348
  languageName: node
  linkType: hard

"is-promise@npm:^4.0.0":
  version: 4.0.0
  resolution: "is-promise@npm:4.0.0"
  checksum: 0b46517ad47b00b6358fd6553c83ec1f6ba9acd7ffb3d30a0bf519c5c69e7147c132430452351b8a9fc198f8dd6c4f76f8e6f5a7f100f8c77d57d9e0f4261a8a
  languageName: node
  linkType: hard

"jsbn@npm:1.1.0":
  version: 1.1.0
  resolution: "jsbn@npm:1.1.0"
  checksum: 944f924f2bd67ad533b3850eee47603eed0f6ae425fd1ee8c760f477e8c34a05f144c1bd4f5a5dd1963141dc79a2c55f89ccc5ab77d039e7077f3ad196b64965
  languageName: node
  linkType: hard

"lru-cache@npm:^7.14.1":
  version: 7.18.3
  resolution: "lru-cache@npm:7.18.3"
  checksum: e550d772384709deea3f141af34b6d4fa392e2e418c1498c078de0ee63670f1f46f5eee746e8ef7e69e1c895af0d4224e62ee33e66a543a14763b0f2e74c1356
  languageName: node
  linkType: hard

"math-intrinsics@npm:^1.1.0":
  version: 1.1.0
  resolution: "math-intrinsics@npm:1.1.0"
  checksum: 0e513b29d120f478c85a70f49da0b8b19bc638975eca466f2eeae0071f3ad00454c621bf66e16dd435896c208e719fc91ad79bbfba4e400fe0b372e7c1c9c9a2
  languageName: node
  linkType: hard

"media-typer@npm:^1.1.0":
  version: 1.1.0
  resolution: "media-typer@npm:1.1.0"
  checksum: a58dd60804df73c672942a7253ccc06815612326dc1c0827984b1a21704466d7cde351394f47649e56cf7415e6ee2e26e000e81b51b3eebb5a93540e8bf93cbd
  languageName: node
  linkType: hard

"merge-descriptors@npm:^2.0.0":
  version: 2.0.0
  resolution: "merge-descriptors@npm:2.0.0"
  checksum: e383332e700a94682d0125a36c8be761142a1320fc9feeb18e6e36647c9edf064271645f5669b2c21cf352116e561914fd8aa831b651f34db15ef4038c86696a
  languageName: node
  linkType: hard

"mime-db@npm:^1.54.0":
  version: 1.54.0
  resolution: "mime-db@npm:1.54.0"
  checksum: e99aaf2f23f5bd607deb08c83faba5dd25cf2fec90a7cc5b92d8260867ee08dab65312e1a589e60093dc7796d41e5fae013268418482f1db4c7d52d0a0960ac9
  languageName: node
  linkType: hard

"mime-types@npm:^3.0.0, mime-types@npm:^3.0.1":
  version: 3.0.1
  resolution: "mime-types@npm:3.0.1"
  dependencies:
    mime-db: ^1.54.0
  checksum: 8d497ad5cb2dd1210ac7d049b5de94af0b24b45a314961e145b44389344604d54752f03bc00bf880c0da60a214be6fb6d423d318104f02c28d95dd8ebeea4fb4
  languageName: node
  linkType: hard

"mitt@npm:^3.0.1":
  version: 3.0.1
  resolution: "mitt@npm:3.0.1"
  checksum: b55a489ac9c2949ab166b7f060601d3b6d893a852515ae9eca4e11df01c013876df777ea109317622b5c1c60e8aae252558e33c8c94e14124db38f64a39614b1
  languageName: node
  linkType: hard

"ms@npm:^2.1.3":
  version: 2.1.3
  resolution: "ms@npm:2.1.3"
  checksum: aa92de608021b242401676e35cfa5aa42dd70cbdc082b916da7fb925c542173e36bce97ea3e804923fe92c0ad991434e4a38327e15a1b5b5f945d66df615ae6d
  languageName: node
  linkType: hard

"negotiator@npm:^1.0.0":
  version: 1.0.0
  resolution: "negotiator@npm:1.0.0"
  checksum: 20ebfe79b2d2e7cf9cbc8239a72662b584f71164096e6e8896c8325055497c96f6b80cd22c258e8a2f2aa382a787795ec3ee8b37b422a302c7d4381b0d5ecfbb
  languageName: node
  linkType: hard

"netmask@npm:^2.0.2":
  version: 2.0.2
  resolution: "netmask@npm:2.0.2"
  checksum: c65cb8d3f7ea5669edddb3217e4c96910a60d0d9a4b52d9847ff6b28b2d0277cd8464eee0ef85133cdee32605c57940cacdd04a9a019079b091b6bba4cb0ec22
  languageName: node
  linkType: hard

"object-inspect@npm:^1.13.3":
  version: 1.13.4
  resolution: "object-inspect@npm:1.13.4"
  checksum: 582810c6a8d2ef988ea0a39e69e115a138dad8f42dd445383b394877e5816eb4268489f316a6f74ee9c4e0a984b3eab1028e3e79d62b1ed67c726661d55c7a8b
  languageName: node
  linkType: hard

"on-finished@npm:^2.4.1":
  version: 2.4.1
  resolution: "on-finished@npm:2.4.1"
  dependencies:
    ee-first: 1.1.1
  checksum: d20929a25e7f0bb62f937a425b5edeb4e4cde0540d77ba146ec9357f00b0d497cdb3b9b05b9c8e46222407d1548d08166bff69cc56dfa55ba0e4469228920ff0
  languageName: node
  linkType: hard

"once@npm:^1.3.1, once@npm:^1.4.0":
  version: 1.4.0
  resolution: "once@npm:1.4.0"
  dependencies:
    wrappy: 1
  checksum: cd0a88501333edd640d95f0d2700fbde6bff20b3d4d9bdc521bdd31af0656b5706570d6c6afe532045a20bb8dc0849f8332d6f2a416e0ba6d3d3b98806c7db68
  languageName: node
  linkType: hard

"pac-proxy-agent@npm:^7.1.0":
  version: 7.2.0
  resolution: "pac-proxy-agent@npm:7.2.0"
  dependencies:
    "@tootallnate/quickjs-emscripten": ^0.23.0
    agent-base: ^7.1.2
    debug: ^4.3.4
    get-uri: ^6.0.1
    http-proxy-agent: ^7.0.0
    https-proxy-agent: ^7.0.6
    pac-resolver: ^7.0.1
    socks-proxy-agent: ^8.0.5
  checksum: 099c1bc8944da6a98e8b7de1fbf23e4014bc3063f66a7c29478bd852c1162e1d086a4f80f874f40961ebd5c516e736aed25852db97b79360cbdcc9db38086981
  languageName: node
  linkType: hard

"pac-resolver@npm:^7.0.1":
  version: 7.0.1
  resolution: "pac-resolver@npm:7.0.1"
  dependencies:
    degenerator: ^5.0.0
    netmask: ^2.0.2
  checksum: 839134328781b80d49f9684eae1f5c74f50a1d4482076d44c84fc2f3ca93da66fa11245a4725a057231e06b311c20c989fd0681e662a0792d17f644d8fe62a5e
  languageName: node
  linkType: hard

"parseurl@npm:^1.3.3":
  version: 1.3.3
  resolution: "parseurl@npm:1.3.3"
  checksum: 407cee8e0a3a4c5cd472559bca8b6a45b82c124e9a4703302326e9ab60fc1081442ada4e02628efef1eb16197ddc7f8822f5a91fd7d7c86b51f530aedb17dfa2
  languageName: node
  linkType: hard

"path-to-regexp@npm:^8.0.0":
  version: 8.2.0
  resolution: "path-to-regexp@npm:8.2.0"
  checksum: 56e13e45962e776e9e7cd72e87a441cfe41f33fd539d097237ceb16adc922281136ca12f5a742962e33d8dda9569f630ba594de56d8b7b6e49adf31803c5e771
  languageName: node
  linkType: hard

"pend@npm:~1.2.0":
  version: 1.2.0
  resolution: "pend@npm:1.2.0"
  checksum: 6c72f5243303d9c60bd98e6446ba7d30ae29e3d56fdb6fae8767e8ba6386f33ee284c97efe3230a0d0217e2b1723b8ab490b1bbf34fcbb2180dbc8a9de47850d
  languageName: node
  linkType: hard

"progress@npm:^2.0.3":
  version: 2.0.3
  resolution: "progress@npm:2.0.3"
  checksum: f67403fe7b34912148d9252cb7481266a354bd99ce82c835f79070643bb3c6583d10dbcfda4d41e04bbc1d8437e9af0fb1e1f2135727878f5308682a579429b7
  languageName: node
  linkType: hard

"proxy-addr@npm:^2.0.7":
  version: 2.0.7
  resolution: "proxy-addr@npm:2.0.7"
  dependencies:
    forwarded: 0.2.0
    ipaddr.js: 1.9.1
  checksum: 29c6990ce9364648255454842f06f8c46fcd124d3e6d7c5066df44662de63cdc0bad032e9bf5a3d653ff72141cc7b6019873d685708ac8210c30458ad99f2b74
  languageName: node
  linkType: hard

"proxy-agent@npm:^6.5.0":
  version: 6.5.0
  resolution: "proxy-agent@npm:6.5.0"
  dependencies:
    agent-base: ^7.1.2
    debug: ^4.3.4
    http-proxy-agent: ^7.0.1
    https-proxy-agent: ^7.0.6
    lru-cache: ^7.14.1
    pac-proxy-agent: ^7.1.0
    proxy-from-env: ^1.1.0
    socks-proxy-agent: ^8.0.5
  checksum: d03ad2d171c2768280ade7ea6a7c5b1d0746215d70c0a16e02780c26e1d347edd27b3f48374661ae54ec0f7b41e6e45175b687baf333b36b1fd109a525154806
  languageName: node
  linkType: hard

"proxy-from-env@npm:^1.1.0":
  version: 1.1.0
  resolution: "proxy-from-env@npm:1.1.0"
  checksum: ed7fcc2ba0a33404958e34d95d18638249a68c430e30fcb6c478497d72739ba64ce9810a24f53a7d921d0c065e5b78e3822759800698167256b04659366ca4d4
  languageName: node
  linkType: hard

"pump@npm:^3.0.0":
  version: 3.0.2
  resolution: "pump@npm:3.0.2"
  dependencies:
    end-of-stream: ^1.1.0
    once: ^1.3.1
  checksum: e0c4216874b96bd25ddf31a0b61a5613e26cc7afa32379217cf39d3915b0509def3565f5f6968fafdad2894c8bbdbd67d340e84f3634b2a29b950cffb6442d9f
  languageName: node
  linkType: hard

"puppeteer-core@npm:^24.8.2":
  version: 24.8.2
  resolution: "puppeteer-core@npm:24.8.2"
  dependencies:
    "@puppeteer/browsers": 2.10.4
    chromium-bidi: 5.1.0
    debug: ^4.4.0
    devtools-protocol: 0.0.1439962
    typed-query-selector: ^2.12.0
    ws: ^8.18.2
  checksum: 7448faa24c4cce89ad1dded24f828559b517d8a88be578288e90b5a148f80521d37a445c48b4b0727ae631da19aeb0cc919ebf951b8086b89d048a3fbeefdae8
  languageName: node
  linkType: hard

"qs@npm:^6.14.0":
  version: 6.14.0
  resolution: "qs@npm:6.14.0"
  dependencies:
    side-channel: ^1.1.0
  checksum: 189b52ad4e9a0da1a16aff4c58b2a554a8dad9bd7e287c7da7446059b49ca2e33a49e570480e8be406b87fccebf134f51c373cbce36c8c83859efa0c9b71d635
  languageName: node
  linkType: hard

"range-parser@npm:^1.2.1":
  version: 1.2.1
  resolution: "range-parser@npm:1.2.1"
  checksum: 0a268d4fea508661cf5743dfe3d5f47ce214fd6b7dec1de0da4d669dd4ef3d2144468ebe4179049eff253d9d27e719c88dae55be64f954e80135a0cada804ec9
  languageName: node
  linkType: hard

"raw-body@npm:^3.0.0":
  version: 3.0.0
  resolution: "raw-body@npm:3.0.0"
  dependencies:
    bytes: 3.1.2
    http-errors: 2.0.0
    iconv-lite: 0.6.3
    unpipe: 1.0.0
  checksum: 25b7cf7964183db322e819050d758a5abd0f22c51e9f37884ea44a9ed6855a1fb61f8caa8ec5b61d07e69f54db43dbbc08ad98ef84556696d6aa806be247af0e
  languageName: node
  linkType: hard

"require-directory@npm:^2.1.1":
  version: 2.1.1
  resolution: "require-directory@npm:2.1.1"
  checksum: fb47e70bf0001fdeabdc0429d431863e9475e7e43ea5f94ad86503d918423c1543361cc5166d713eaa7029dd7a3d34775af04764bebff99ef413111a5af18c80
  languageName: node
  linkType: hard

"router@npm:^2.2.0":
  version: 2.2.0
  resolution: "router@npm:2.2.0"
  dependencies:
    debug: ^4.4.0
    depd: ^2.0.0
    is-promise: ^4.0.0
    parseurl: ^1.3.3
    path-to-regexp: ^8.0.0
  checksum: 4c3bec8011ed10bb07d1ee860bc715f245fff0fdff991d8319741d2932d89c3fe0a56766b4fa78e95444bc323fd2538e09c8e43bfbd442c2a7fab67456df7fa5
  languageName: node
  linkType: hard

"safe-buffer@npm:5.2.1":
  version: 5.2.1
  resolution: "safe-buffer@npm:5.2.1"
  checksum: b99c4b41fdd67a6aaf280fcd05e9ffb0813654894223afb78a31f14a19ad220bba8aba1cb14eddce1fcfb037155fe6de4e861784eb434f7d11ed58d1e70dd491
  languageName: node
  linkType: hard

"safer-buffer@npm:>= 2.1.2 < 3.0.0":
  version: 2.1.2
  resolution: "safer-buffer@npm:2.1.2"
  checksum: cab8f25ae6f1434abee8d80023d7e72b598cf1327164ddab31003c51215526801e40b66c5e65d658a0af1e9d6478cadcb4c745f4bd6751f97d8644786c0978b0
  languageName: node
  linkType: hard

"semver@npm:^7.7.1":
  version: 7.7.1
  resolution: "semver@npm:7.7.1"
  bin:
    semver: bin/semver.js
  checksum: 586b825d36874007c9382d9e1ad8f93888d8670040add24a28e06a910aeebd673a2eb9e3bf169c6679d9245e66efb9057e0852e70d9daa6c27372aab1dda7104
  languageName: node
  linkType: hard

"send@npm:^1.1.0, send@npm:^1.2.0":
  version: 1.2.0
  resolution: "send@npm:1.2.0"
  dependencies:
    debug: ^4.3.5
    encodeurl: ^2.0.0
    escape-html: ^1.0.3
    etag: ^1.8.1
    fresh: ^2.0.0
    http-errors: ^2.0.0
    mime-types: ^3.0.1
    ms: ^2.1.3
    on-finished: ^2.4.1
    range-parser: ^1.2.1
    statuses: ^2.0.1
  checksum: 7557ee6c1c257a1c53b402b4fba8ed88c95800b08abe085fc79e0824869274f213491be2efb2df3de228c70e4d40ce2019e5f77b58c42adb97149135420c3f34
  languageName: node
  linkType: hard

"serve-static@npm:^2.2.0":
  version: 2.2.0
  resolution: "serve-static@npm:2.2.0"
  dependencies:
    encodeurl: ^2.0.0
    escape-html: ^1.0.3
    parseurl: ^1.3.3
    send: ^1.2.0
  checksum: 74f39e88f0444aa6732aae3b9597739c47552adecdc83fa32aa42555e76f1daad480d791af73894655c27a2d378275a461e691cead33fb35d8b976f1e2d24665
  languageName: node
  linkType: hard

"setprototypeof@npm:1.2.0":
  version: 1.2.0
  resolution: "setprototypeof@npm:1.2.0"
  checksum: be18cbbf70e7d8097c97f713a2e76edf84e87299b40d085c6bf8b65314e994cc15e2e317727342fa6996e38e1f52c59720b53fe621e2eb593a6847bf0356db89
  languageName: node
  linkType: hard

"side-channel-list@npm:^1.0.0":
  version: 1.0.0
  resolution: "side-channel-list@npm:1.0.0"
  dependencies:
    es-errors: ^1.3.0
    object-inspect: ^1.13.3
  checksum: 603b928997abd21c5a5f02ae6b9cc36b72e3176ad6827fab0417ead74580cc4fb4d5c7d0a8a2ff4ead34d0f9e35701ed7a41853dac8a6d1a664fcce1a044f86f
  languageName: node
  linkType: hard

"side-channel-map@npm:^1.0.1":
  version: 1.0.1
  resolution: "side-channel-map@npm:1.0.1"
  dependencies:
    call-bound: ^1.0.2
    es-errors: ^1.3.0
    get-intrinsic: ^1.2.5
    object-inspect: ^1.13.3
  checksum: 42501371cdf71f4ccbbc9c9e2eb00aaaab80a4c1c429d5e8da713fd4d39ef3b8d4a4b37ed4f275798a65260a551a7131fd87fe67e922dba4ac18586d6aab8b06
  languageName: node
  linkType: hard

"side-channel-weakmap@npm:^1.0.2":
  version: 1.0.2
  resolution: "side-channel-weakmap@npm:1.0.2"
  dependencies:
    call-bound: ^1.0.2
    es-errors: ^1.3.0
    get-intrinsic: ^1.2.5
    object-inspect: ^1.13.3
    side-channel-map: ^1.0.1
  checksum: a815c89bc78c5723c714ea1a77c938377ea710af20d4fb886d362b0d1f8ac73a17816a5f6640f354017d7e292a43da9c5e876c22145bac00b76cfb3468001736
  languageName: node
  linkType: hard

"side-channel@npm:^1.1.0":
  version: 1.1.0
  resolution: "side-channel@npm:1.1.0"
  dependencies:
    es-errors: ^1.3.0
    object-inspect: ^1.13.3
    side-channel-list: ^1.0.0
    side-channel-map: ^1.0.1
    side-channel-weakmap: ^1.0.2
  checksum: bf73d6d6682034603eb8e99c63b50155017ed78a522d27c2acec0388a792c3ede3238b878b953a08157093b85d05797217d270b7666ba1f111345fbe933380ff
  languageName: node
  linkType: hard

"smart-buffer@npm:^4.2.0":
  version: 4.2.0
  resolution: "smart-buffer@npm:4.2.0"
  checksum: b5167a7142c1da704c0e3af85c402002b597081dd9575031a90b4f229ca5678e9a36e8a374f1814c8156a725d17008ae3bde63b92f9cfd132526379e580bec8b
  languageName: node
  linkType: hard

"socks-proxy-agent@npm:^8.0.5":
  version: 8.0.5
  resolution: "socks-proxy-agent@npm:8.0.5"
  dependencies:
    agent-base: ^7.1.2
    debug: ^4.3.4
    socks: ^2.8.3
  checksum: b4fbcdb7ad2d6eec445926e255a1fb95c975db0020543fbac8dfa6c47aecc6b3b619b7fb9c60a3f82c9b2969912a5e7e174a056ae4d98cb5322f3524d6036e1d
  languageName: node
  linkType: hard

"socks@npm:^2.8.3":
  version: 2.8.4
  resolution: "socks@npm:2.8.4"
  dependencies:
    ip-address: ^9.0.5
    smart-buffer: ^4.2.0
  checksum: cd1edc924475d5dfde534adf66038df7e62c7343e6b8c0113e52dc9bb6a0a10e25b2f136197f379d695f18e8f0f2b7f6e42977bf720ddbee912a851201c396ad
  languageName: node
  linkType: hard

"source-map@npm:~0.6.1":
  version: 0.6.1
  resolution: "source-map@npm:0.6.1"
  checksum: 59ce8640cf3f3124f64ac289012c2b8bd377c238e316fb323ea22fbfe83da07d81e000071d7242cad7a23cd91c7de98e4df8830ec3f133cb6133a5f6e9f67bc2
  languageName: node
  linkType: hard

"sprintf-js@npm:^1.1.3":
  version: 1.1.3
  resolution: "sprintf-js@npm:1.1.3"
  checksum: a3fdac7b49643875b70864a9d9b469d87a40dfeaf5d34d9d0c5b1cda5fd7d065531fcb43c76357d62254c57184a7b151954156563a4d6a747015cfb41021cad0
  languageName: node
  linkType: hard

"statuses@npm:2.0.1, statuses@npm:^2.0.1":
  version: 2.0.1
  resolution: "statuses@npm:2.0.1"
  checksum: 18c7623fdb8f646fb213ca4051be4df7efb3484d4ab662937ca6fbef7ced9b9e12842709872eb3020cc3504b93bde88935c9f6417489627a7786f24f8031cbcb
  languageName: node
  linkType: hard

"streamx@npm:^2.15.0, streamx@npm:^2.21.0":
  version: 2.22.0
  resolution: "streamx@npm:2.22.0"
  dependencies:
    bare-events: ^2.2.0
    fast-fifo: ^1.3.2
    text-decoder: ^1.1.0
  dependenciesMeta:
    bare-events:
      optional: true
  checksum: 9b2772a084281129d402f298bddf8d5f3c09b6b3d9b5c93df942e886b0b963c742a89736415cc53ffb8fc1f6f5b0b3ea171ed0ba86f1b31cde6ed35db5e07f6d
  languageName: node
  linkType: hard

"string-width@npm:^4.1.0, string-width@npm:^4.2.0, string-width@npm:^4.2.3":
  version: 4.2.3
  resolution: "string-width@npm:4.2.3"
  dependencies:
    emoji-regex: ^8.0.0
    is-fullwidth-code-point: ^3.0.0
    strip-ansi: ^6.0.1
  checksum: e52c10dc3fbfcd6c3a15f159f54a90024241d0f149cf8aed2982a2d801d2e64df0bf1dc351cf8e95c3319323f9f220c16e740b06faecd53e2462df1d2b5443fb
  languageName: node
  linkType: hard

"strip-ansi@npm:^6.0.0, strip-ansi@npm:^6.0.1":
  version: 6.0.1
  resolution: "strip-ansi@npm:6.0.1"
  dependencies:
    ansi-regex: ^5.0.1
  checksum: f3cd25890aef3ba6e1a74e20896c21a46f482e93df4a06567cebf2b57edabb15133f1f94e57434e0a958d61186087b1008e89c94875d019910a213181a14fc8c
  languageName: node
  linkType: hard

"tar-fs@npm:^3.0.8":
  version: 3.0.8
  resolution: "tar-fs@npm:3.0.8"
  dependencies:
    bare-fs: ^4.0.1
    bare-path: ^3.0.0
    pump: ^3.0.0
    tar-stream: ^3.1.5
  dependenciesMeta:
    bare-fs:
      optional: true
    bare-path:
      optional: true
  checksum: 5bebadd68e7a10cc3aa9c30b579c295e158cef7b1f42a73ee1bb1992925027aa8ef6cbcdb0d03e202e7f3850799391de30adf2585f7f240b606faa65df1a6b68
  languageName: node
  linkType: hard

"tar-stream@npm:^3.1.5":
  version: 3.1.7
  resolution: "tar-stream@npm:3.1.7"
  dependencies:
    b4a: ^1.6.4
    fast-fifo: ^1.2.0
    streamx: ^2.15.0
  checksum: 6393a6c19082b17b8dcc8e7fd349352bb29b4b8bfe1075912b91b01743ba6bb4298f5ff0b499a3bbaf82121830e96a1a59d4f21a43c0df339e54b01789cb8cc6
  languageName: node
  linkType: hard

"text-decoder@npm:^1.1.0":
  version: 1.2.3
  resolution: "text-decoder@npm:1.2.3"
  dependencies:
    b4a: ^1.6.4
  checksum: d7642a61f9d72330eac52ff6b6e8d34dea03ebbb1e82749a8734e7892e246cf262ed70730d20c4351c5dc5334297b9cc6c0b6a8725a204a63a197d7728bb35e5
  languageName: node
  linkType: hard

"toidentifier@npm:1.0.1":
  version: 1.0.1
  resolution: "toidentifier@npm:1.0.1"
  checksum: 952c29e2a85d7123239b5cfdd889a0dde47ab0497f0913d70588f19c53f7e0b5327c95f4651e413c74b785147f9637b17410ac8c846d5d4a20a5a33eb6dc3a45
  languageName: node
  linkType: hard

"tslib@npm:^2.0.1":
  version: 2.8.1
  resolution: "tslib@npm:2.8.1"
  checksum: e4aba30e632b8c8902b47587fd13345e2827fa639e7c3121074d5ee0880723282411a8838f830b55100cbe4517672f84a2472667d355b81e8af165a55dc6203a
  languageName: node
  linkType: hard

"type-is@npm:^2.0.0, type-is@npm:^2.0.1":
  version: 2.0.1
  resolution: "type-is@npm:2.0.1"
  dependencies:
    content-type: ^1.0.5
    media-typer: ^1.1.0
    mime-types: ^3.0.0
  checksum: 0266e7c782238128292e8c45e60037174d48c6366bb2d45e6bd6422b611c193f83409a8341518b6b5f33f8e4d5a959f38658cacfea77f0a3505b9f7ac1ddec8f
  languageName: node
  linkType: hard

"typed-query-selector@npm:^2.12.0":
  version: 2.12.0
  resolution: "typed-query-selector@npm:2.12.0"
  checksum: c4652f2eec16112d69e0da30c2effab3f03d1710f9559da1e1209bbfc9a20990d5de4ba97890c11f9d17d85c8ae3310953a86c198166599d4c36abc63664f169
  languageName: node
  linkType: hard

"undici-types@npm:~6.21.0":
  version: 6.21.0
  resolution: "undici-types@npm:6.21.0"
  checksum: 46331c7d6016bf85b3e8f20c159d62f5ae471aba1eb3dc52fff35a0259d58dcc7d592d4cc4f00c5f9243fa738a11cfa48bd20203040d4a9e6bc25e807fab7ab3
  languageName: node
  linkType: hard

"unpipe@npm:1.0.0":
  version: 1.0.0
  resolution: "unpipe@npm:1.0.0"
  checksum: 4fa18d8d8d977c55cb09715385c203197105e10a6d220087ec819f50cb68870f02942244f1017565484237f1f8c5d3cd413631b1ae104d3096f24fdfde1b4aa2
  languageName: node
  linkType: hard

"vary@npm:^1.1.2":
  version: 1.1.2
  resolution: "vary@npm:1.1.2"
  checksum: ae0123222c6df65b437669d63dfa8c36cee20a504101b2fcd97b8bf76f91259c17f9f2b4d70a1e3c6bbcee7f51b28392833adb6b2770b23b01abec84e369660b
  languageName: node
  linkType: hard

"wrap-ansi@npm:^7.0.0":
  version: 7.0.0
  resolution: "wrap-ansi@npm:7.0.0"
  dependencies:
    ansi-styles: ^4.0.0
    string-width: ^4.1.0
    strip-ansi: ^6.0.0
  checksum: a790b846fd4505de962ba728a21aaeda189b8ee1c7568ca5e817d85930e06ef8d1689d49dbf0e881e8ef84436af3a88bc49115c2e2788d841ff1b8b5b51a608b
  languageName: node
  linkType: hard

"wrappy@npm:1":
  version: 1.0.2
  resolution: "wrappy@npm:1.0.2"
  checksum: 159da4805f7e84a3d003d8841557196034155008f817172d4e986bd591f74aa82aa7db55929a54222309e01079a65a92a9e6414da5a6aa4b01ee44a511ac3ee5
  languageName: node
  linkType: hard

"ws@npm:^8.18.2":
  version: 8.18.2
  resolution: "ws@npm:8.18.2"
  peerDependencies:
    bufferutil: ^4.0.1
    utf-8-validate: ">=5.0.2"
  peerDependenciesMeta:
    bufferutil:
      optional: true
    utf-8-validate:
      optional: true
  checksum: e38beae19ba4d68577ec24eb34fbfab376333fedd10f99b07511a8e842e22dbc102de39adac333a18e4c58868d0703cd5f239b04b345e22402d0ed8c34ea0aa0
  languageName: node
  linkType: hard

"y18n@npm:^5.0.5":
  version: 5.0.8
  resolution: "y18n@npm:5.0.8"
  checksum: 54f0fb95621ee60898a38c572c515659e51cc9d9f787fb109cef6fde4befbe1c4602dc999d30110feee37456ad0f1660fa2edcfde6a9a740f86a290999550d30
  languageName: node
  linkType: hard

"yargs-parser@npm:^21.1.1":
  version: 21.1.1
  resolution: "yargs-parser@npm:21.1.1"
  checksum: ed2d96a616a9e3e1cc7d204c62ecc61f7aaab633dcbfab2c6df50f7f87b393993fe6640d017759fe112d0cb1e0119f2b4150a87305cc873fd90831c6a58ccf1c
  languageName: node
  linkType: hard

"yargs@npm:^17.7.2":
  version: 17.7.2
  resolution: "yargs@npm:17.7.2"
  dependencies:
    cliui: ^8.0.1
    escalade: ^3.1.1
    get-caller-file: ^2.0.5
    require-directory: ^2.1.1
    string-width: ^4.2.3
    y18n: ^5.0.5
    yargs-parser: ^21.1.1
  checksum: 73b572e863aa4a8cbef323dd911d79d193b772defd5a51aab0aca2d446655216f5002c42c5306033968193bdbf892a7a4c110b0d77954a7fdf563e653967b56a
  languageName: node
  linkType: hard

"yauzl@npm:^2.10.0":
  version: 2.10.0
  resolution: "yauzl@npm:2.10.0"
  dependencies:
    buffer-crc32: ~0.2.3
    fd-slicer: ~1.1.0
  checksum: 7f21fe0bbad6e2cb130044a5d1d0d5a0e5bf3d8d4f8c4e6ee12163ce798fee3de7388d22a7a0907f563ac5f9d40f8699a223d3d5c1718da90b0156da6904022b
  languageName: node
  linkType: hard

"ystudio-analytics-agent@workspace:.":
  version: 0.0.0-use.local
  resolution: "ystudio-analytics-agent@workspace:."
  dependencies:
    "@types/express": ^5.0.1
    body-parser: ^2.2.0
    express: ^5.1.0
    puppeteer-core: ^24.8.2
  languageName: unknown
  linkType: soft

"zod@npm:^3.24.1":
  version: 3.24.4
  resolution: "zod@npm:3.24.4"
  checksum: 62829789765a9187bd72bed3972a7c1a39fdfe6c59bc752eedabec5f99af701658471b8577d22e0fee2081e6e35d4efc93c02c90e13350755a36feadbf72bbbc
  languageName: node
  linkType: hard
